
Microsoft Visual Studio Solution File, Format Version 12.00
# Visual Studio Express 2012 for Windows Desktop
Project("{FAE04EC0-301F-11D3-BF4B-00C04F79EFBC}") = "VideoCardHandler_winform", "VideoCardHandler_winform\VideoCardHandler_winform.csproj", "{1B7491E3-9916-4B4E-A45D-C7478C477279}"
EndProject
Project("{FAE04EC0-301F-11D3-BF4B-00C04F79EFBC}") = "VideoCardHandler_installer", "VideoCardHandler_installer\VideoCardHandler_installer.csproj", "{BEC0F660-CBDF-4ADB-A510-D02DD7498BC9}"
EndProject
Global
	GlobalSection(SolutionConfigurationPlatforms) = preSolution
		Debug|Any CPU = Debug|Any CPU
		Release|Any CPU = Release|Any CPU
	EndGlobalSection
	GlobalSection(ProjectConfigurationPlatforms) = postSolution
		{1B7491E3-9916-4B4E-A45D-C7478C477279}.Debug|Any CPU.ActiveCfg = Debug|Any CPU
		{1B7491E3-9916-4B4E-A45D-C7478C477279}.Debug|Any CPU.Build.0 = Debug|Any CPU
		{1B7491E3-9916-4B4E-A45D-C7478C477279}.Release|Any CPU.ActiveCfg = Release|Any CPU
		{1B7491E3-9916-4B4E-A45D-C7478C477279}.Release|Any CPU.Build.0 = Release|Any CPU
		{BEC0F660-CBDF-4ADB-A510-D02DD7498BC9}.Debug|Any CPU.ActiveCfg = Debug|Any CPU
		{BEC0F660-CBDF-4ADB-A510-D02DD7498BC9}.Debug|Any CPU.Build.0 = Debug|Any CPU
		{BEC0F660-CBDF-4ADB-A510-D02DD7498BC9}.Release|Any CPU.ActiveCfg = Release|Any CPU
		{BEC0F660-CBDF-4ADB-A510-D02DD7498BC9}.Release|Any CPU.Build.0 = Release|Any CPU
	EndGlobalSection
	GlobalSection(SolutionProperties) = preSolution
		HideSolutionNode = FALSE
	EndGlobalSection
EndGlobal
